# This file is autogenerated, do not edit; changes may be undone by the next 'dep ensure'.


[[projects]]
  name = "cloud.google.com/go"
  packages = ["compute/metadata"]
  revision = "a5913b3f7deecba45e98ff33cefbac4fd204ddd7"
  version = "v0.10.0"

[[projects]]
  name = "github.com/PuerkitoBio/purell"
  packages = ["."]
  revision = "0bcb03f4b4d0a9428594752bd2a3b9aa0a9d4bd4"
  version = "v1.1.0"

[[projects]]
  branch = "master"
  name = "github.com/PuerkitoBio/urlesc"
  packages = ["."]
  revision = "bbf7a2afc14f93e1e0a5c06df524fbd75e5031e5"

[[projects]]
  branch = "master"
  name = "github.com/armon/go-metrics"
  packages = ["."]
  revision = "f036747b9d0e8590f175a5d654a2194a7d9df4b5"

[[projects]]
  branch = "master"
  name = "github.com/beorn7/perks"
  packages = ["quantile"]
  revision = "4c0e84591b9aa9e6dcfdf3e020114cd81f89d5f9"

[[projects]]
  name = "github.com/blang/semver"
  packages = ["."]
  revision = "2ee87856327ba09384cabd113bc6b5d174e9ec0f"
  version = "v3.5.1"

[[projects]]
  branch = "master"
  name = "github.com/coreos/go-oidc"
  packages = ["http","jose","key","oauth2","oidc"]
  revision = "a4973d9a4225417aecf5d450a9522f00c1f7130f"

[[projects]]
  name = "github.com/coreos/pkg"
  packages = ["health","httputil","timeutil"]
  revision = "3ac0863d7acf3bc44daf49afef8919af12f704ef"
  version = "v3"

[[projects]]
  name = "github.com/davecgh/go-spew"
  packages = ["spew"]
  revision = "346938d642f2ec3594ed81d874461961cd0faa76"
  version = "v1.1.0"

[[projects]]
  name = "github.com/docker/distribution"
  packages = ["digest","reference"]
  revision = "48294d928ced5dd9b378f7fd7c6f5da3ff3f2c89"
  version = "v2.6.2"

[[projects]]
  name = "github.com/emicklei/go-restful"
  packages = [".","log","swagger"]
  revision = "777bb3f19bcafe2575ffb2a3e46af92509ae9594"
  version = "v1.2"

[[projects]]
  name = "github.com/ghodss/yaml"
  packages = ["."]
  revision = "0ca9ea5df5451ffdf184b4428c902747c2c11cd7"
  version = "v1.0.0"

[[projects]]
  branch = "master"
  name = "github.com/go-openapi/jsonpointer"
  packages = ["."]
  revision = "779f45308c19820f1a69e9a4cd965f496e0da10f"

[[projects]]
  branch = "master"
  name = "github.com/go-openapi/jsonreference"
  packages = ["."]
  revision = "36d33bfe519efae5632669801b180bf1a245da3b"

[[projects]]
  branch = "master"
  name = "github.com/go-openapi/spec"
  packages = ["."]
  revision = "9cf697d99bf904e29363382a2e8c23dde5c8d377"

[[projects]]
  branch = "master"
  name = "github.com/go-openapi/swag"
  packages = ["."]
  revision = "f3f9494671f93fcff853e3c6e9e948b3eb71e590"

[[projects]]
  name = "github.com/gogo/protobuf"
  packages = ["proto","sortkeys"]
  revision = "100ba4e885062801d56799d78530b73b178a78f3"
  version = "v0.4"

[[projects]]
  branch = "master"
  name = "github.com/golang/glog"
  packages = ["."]
  revision = "23def4e6c14b4da8ac2ed8007337bc5eb5007998"

[[projects]]
  branch = "master"
  name = "github.com/golang/protobuf"
  packages = ["proto"]
  revision = "748d386b5c1ea99658fd69fe9f03991ce86a90c1"

[[projects]]
  branch = "master"
  name = "github.com/google/gofuzz"
  packages = ["."]
  revision = "24818f796faf91cd76ec7bddd72458fbced7a6c1"

[[projects]]
  branch = "master"
  name = "github.com/hashicorp/go-msgpack"
  packages = ["codec"]
  revision = "fa3f63826f7c23912c15263591e65d54d080b458"

[[projects]]
  branch = "master"
  name = "github.com/hashicorp/raft"
  packages = ["."]
  revision = "b3d48f1a4e569bc4d4e456e8930e35b1aa996ea7"

[[projects]]
  branch = "master"
  name = "github.com/howeyc/gopass"
  packages = ["."]
  revision = "bf9dde6d0d2c004a008c27aaee91170c786f6db8"

[[projects]]
  name = "github.com/imdario/mergo"
  packages = ["."]
  revision = "3e95a51e0639b4cf372f2ccf74c86749d747fbdc"
  version = "0.2.2"

[[projects]]
  name = "github.com/jonboulle/clockwork"
  packages = ["."]
  revision = "2eee05ed794112d45db504eb05aa693efd2b8b09"
  version = "v0.1.0"

[[projects]]
  branch = "master"
  name = "github.com/juju/ratelimit"
  packages = ["."]
  revision = "5b9ff866471762aa2ab2dced63c9fb6f53921342"

[[projects]]
  branch = "master"
  name = "github.com/mailru/easyjson"
  packages = ["buffer","jlexer","jwriter"]
  revision = "2f5df55504ebc322e4d52d34df6a1f5b503bf26d"

[[projects]]
  name = "github.com/matttproud/golang_protobuf_extensions"
  packages = ["pbutil"]
  revision = "3247c84500bff8d9fb6d579d800f20b3e091582c"
  version = "v1.0.0"

[[projects]]
  name = "github.com/pborman/uuid"
  packages = ["."]
  revision = "e790cca94e6cc75c7064b1332e63811d4aae1a53"
  version = "v1.1"

[[projects]]
  name = "github.com/prometheus/client_golang"
  packages = ["api/prometheus","prometheus"]
  revision = "c5b7fccd204277076155f10851dad72b76a49317"
  version = "v0.8.0"

[[projects]]
  branch = "master"
  name = "github.com/prometheus/client_model"
  packages = ["go"]
  revision = "6f3806018612930941127f2a7c6c453ba2c527d2"

[[projects]]
  branch = "master"
  name = "github.com/prometheus/common"
  packages = ["expfmt","internal/bitbucket.org/ww/goautoneg","model"]
  revision = "3e6a7635bac6573d43f49f97b47eb9bda195dba8"

[[projects]]
  branch = "master"
  name = "github.com/prometheus/procfs"
  packages = [".","xfs"]
  revision = "e645f4e5aaa8506fc71d6edbc5c4ff02c04c46f2"

[[projects]]
  name = "github.com/robustirc/bridge"
  packages = ["robustsession"]
  revision = "0b1e273b62fa2ddf7814c1c2669b656f2c8aa0ac"
  version = "v1.7.1"

[[projects]]
  branch = "master"
  name = "github.com/robustirc/rafthttp"
  packages = ["."]
  revision = "0785f8c77b661532b9d303e98b2fc3177ac827b0"

[[projects]]
  name = "github.com/robustirc/robustirc"
  packages = ["proto","robusthttp","types","util"]
  revision = "1c3821e0c1e7aa300a356391cb30838690e89709"
  version = "v0.5"

[[projects]]
  name = "github.com/sorcix/irc"
  packages = ["."]
  revision = "3ea169d06a23de0625c1afedfcbb5f6180876ea0"
  version = "v1.1.3"

[[projects]]
  name = "github.com/spf13/pflag"
  packages = ["."]
  revision = "e57e3eeb33f795204c1ca35f56c44f83227c6e66"
  version = "v1.0.0"

[[projects]]
  branch = "master"
  name = "github.com/stapelberg/loggedexec"
  packages = ["."]
  revision = "ee51d868da94013d970316442ccf945bc2816692"

[[projects]]
  branch = "master"
  name = "github.com/ugorji/go"
  packages = ["codec"]
  revision = "5efa3251c7f7d05e5d9704a69a984ec9f1386a40"

[[projects]]
  branch = "master"
  name = "golang.org/x/crypto"
  packages = ["ssh/terminal"]
  revision = "558b6879de74bc843225cde5686419267ff707ca"

[[projects]]
  branch = "master"
  name = "golang.org/x/net"
  packages = ["context","context/ctxhttp","http2","http2/hpack","idna","lex/httplex"]
  revision = "f5079bd7f6f74e23c4d65efa0f4ce14cbd6a3c0f"

[[projects]]
  branch = "master"
  name = "golang.org/x/oauth2"
  packages = [".","google","internal","jws","jwt"]
  revision = "b53b38ad8a6435bd399ea76d0fa74f23149cca4e"

[[projects]]
  branch = "master"
  name = "golang.org/x/sync"
  packages = ["errgroup"]
  revision = "f52d1811a62927559de87708c8913c1650ce4f26"

[[projects]]
  branch = "master"
  name = "golang.org/x/sys"
  packages = ["unix"]
  revision = "0f826bdd13b500be0f1d4004938ad978fcc6031e"

[[projects]]
  branch = "master"
  name = "golang.org/x/text"
  packages = ["internal/gen","internal/triegen","internal/ucd","secure/bidirule","transform","unicode/bidi","unicode/cldr","unicode/norm","unicode/rangetable","width"]
  revision = "3bd178b88a8180be2df394a1fbb81313916f0e7b"

[[projects]]
  name = "google.golang.org/appengine"
  packages = [".","internal","internal/app_identity","internal/base","internal/datastore","internal/log","internal/modules","internal/remote_api","internal/urlfetch","urlfetch"]
  revision = "150dc57a1b433e64154302bdc40b6bb8aefa313a"
  version = "v1.0.0"

[[projects]]
  name = "gopkg.in/inf.v0"
  packages = ["."]
  revision = "3887ee99ecf07df5b447e9b00d9c0b2adaa9f3e4"
  version = "v0.9.0"

[[projects]]
  branch = "v2"
  name = "gopkg.in/sorcix/irc.v1"
  packages = ["internal"]
  revision = "1b25be7f891d1bd0190ac0ef159da153c9ffa22a"

[[projects]]
  name = "gopkg.in/sorcix/irc.v2"
  packages = ["."]
  revision = "6e158ef3846cb059a6b56fcd4775a2e4690ffac5"
  version = "v1.1.2"

[[projects]]
  branch = "v2"
  name = "gopkg.in/yaml.v2"
  packages = ["."]
  revision = "25c4ec802a7d637f88d584ab26798e94ad14c13b"

[[projects]]
  name = "k8s.io/client-go"
  packages = ["1.5/discovery","1.5/kubernetes","1.5/kubernetes/typed/apps/v1alpha1","1.5/kubernetes/typed/authentication/v1beta1","1.5/kubernetes/typed/authorization/v1beta1","1.5/kubernetes/typed/autoscaling/v1","1.5/kubernetes/typed/batch/v1","1.5/kubernetes/typed/certificates/v1alpha1","1.5/kubernetes/typed/core/v1","1.5/kubernetes/typed/extensions/v1beta1","1.5/kubernetes/typed/policy/v1alpha1","1.5/kubernetes/typed/rbac/v1alpha1","1.5/kubernetes/typed/storage/v1beta1","1.5/pkg/api","1.5/pkg/api/errors","1.5/pkg/api/install","1.5/pkg/api/meta","1.5/pkg/api/meta/metatypes","1.5/pkg/api/resource","1.5/pkg/api/unversioned","1.5/pkg/api/v1","1.5/pkg/api/validation/path","1.5/pkg/apimachinery","1.5/pkg/apimachinery/announced","1.5/pkg/apimachinery/registered","1.5/pkg/apis/apps","1.5/pkg/apis/apps/install","1.5/pkg/apis/apps/v1alpha1","1.5/pkg/apis/authentication","1.5/pkg/apis/authentication/install","1.5/pkg/apis/authentication/v1beta1","1.5/pkg/apis/authorization","1.5/pkg/apis/authorization/install","1.5/pkg/apis/authorization/v1beta1","1.5/pkg/apis/autoscaling","1.5/pkg/apis/autoscaling/install","1.5/pkg/apis/autoscaling/v1","1.5/pkg/apis/batch","1.5/pkg/apis/batch/install","1.5/pkg/apis/batch/v1","1.5/pkg/apis/batch/v2alpha1","1.5/pkg/apis/certificates","1.5/pkg/apis/certificates/install","1.5/pkg/apis/certificates/v1alpha1","1.5/pkg/apis/extensions","1.5/pkg/apis/extensions/install","1.5/pkg/apis/extensions/v1beta1","1.5/pkg/apis/policy","1.5/pkg/apis/policy/install","1.5/pkg/apis/policy/v1alpha1","1.5/pkg/apis/rbac","1.5/pkg/apis/rbac/install","1.5/pkg/apis/rbac/v1alpha1","1.5/pkg/apis/storage","1.5/pkg/apis/storage/install","1.5/pkg/apis/storage/v1beta1","1.5/pkg/auth/user","1.5/pkg/conversion","1.5/pkg/conversion/queryparams","1.5/pkg/fields","1.5/pkg/genericapiserver/openapi/common","1.5/pkg/labels","1.5/pkg/runtime","1.5/pkg/runtime/serializer","1.5/pkg/runtime/serializer/json","1.5/pkg/runtime/serializer/protobuf","1.5/pkg/runtime/serializer/recognizer","1.5/pkg/runtime/serializer/streaming","1.5/pkg/runtime/serializer/versioning","1.5/pkg/selection","1.5/pkg/third_party/forked/golang/reflect","1.5/pkg/types","1.5/pkg/util","1.5/pkg/util/cert","1.5/pkg/util/clock","1.5/pkg/util/errors","1.5/pkg/util/flowcontrol","1.5/pkg/util/framer","1.5/pkg/util/homedir","1.5/pkg/util/integer","1.5/pkg/util/intstr","1.5/pkg/util/json","1.5/pkg/util/labels","1.5/pkg/util/net","1.5/pkg/util/parsers","1.5/pkg/util/rand","1.5/pkg/util/runtime","1.5/pkg/util/sets","1.5/pkg/util/uuid","1.5/pkg/util/validation","1.5/pkg/util/validation/field","1.5/pkg/util/wait","1.5/pkg/util/yaml","1.5/pkg/version","1.5/pkg/watch","1.5/pkg/watch/versioned","1.5/plugin/pkg/client/auth","1.5/plugin/pkg/client/auth/gcp","1.5/plugin/pkg/client/auth/oidc","1.5/rest","1.5/tools/auth","1.5/tools/clientcmd","1.5/tools/clientcmd/api","1.5/tools/clientcmd/api/latest","1.5/tools/clientcmd/api/v1","1.5/tools/metrics","1.5/transport"]
  revision = "1195e3a8ee1a529d53eed7c624527a68555ddf1f"
  version = "v1.5.1"

[solve-meta]
  analyzer-name = "dep"
  analyzer-version = 1
  inputs-digest = "940bba094ce999c8b683ca1688267571671ac27620531e2354482fc52f65567f"
  solver-name = "gps-cdcl"
  solver-version = 1
